
Microsoft Visual Studio Solution File, Format Version 12.00
# Visual Studio Version 17
VisualStudioVersion = 17.0.32014.148
MinimumVisualStudioVersion = 10.0.40219.1
Project("{FAE04EC0-301F-11D3-BF4B-00C04F79EFBC}") = "Restaurante(fila)", "Restaurante(fila)\Restaurante(fila).csproj", "{D2F41C20-2B8B-4191-A2EE-289BABB64414}"
EndProject
Global
	GlobalSection(SolutionConfigurationPlatforms) = preSolution
		Debug|Any CPU = Debug|Any CPU
		Release|Any CPU = Release|Any CPU
	EndGlobalSection
	GlobalSection(ProjectConfigurationPlatforms) = postSolution
		{D2F41C20-2B8B-4191-A2EE-289BABB64414}.Debug|Any CPU.ActiveCfg = Debug|Any CPU
		{D2F41C20-2B8B-4191-A2EE-289BABB64414}.Debug|Any CPU.Build.0 = Debug|Any CPU
		{D2F41C20-2B8B-4191-A2EE-289BABB64414}.Release|Any CPU.ActiveCfg = Release|Any CPU
		{D2F41C20-2B8B-4191-A2EE-289BABB64414}.Release|Any CPU.Build.0 = Release|Any CPU
	EndGlobalSection
	GlobalSection(SolutionProperties) = preSolution
		HideSolutionNode = FALSE
	EndGlobalSection
	GlobalSection(ExtensibilityGlobals) = postSolution
		SolutionGuid = {2EB95433-966D-4BE3-B351-DFB31E901CE6}
	EndGlobalSection
EndGlobal
